
Microsoft Visual Studio Solution File, Format Version 12.00
Project("{FAE04EC0-301F-11D3-BF4B-00C04F79EFBC}") = "EditorPlus", "EditorPlus\EditorPlus.csproj", "{CA1882D2-4A80-4B8F-8A02-1523C171B86C}"
EndProject
Global
	GlobalSection(SolutionConfigurationPlatforms) = preSolution
		Debug|Any CPU = Debug|Any CPU
		Release|Any CPU = Release|Any CPU
	EndGlobalSection
	GlobalSection(ProjectConfigurationPlatforms) = postSolution
		{CA1882D2-4A80-4B8F-8A02-1523C171B86C}.Release|Any CPU.ActiveCfg = Release|Any CPU
		{CA1882D2-4A80-4B8F-8A02-1523C171B86C}.Release|Any CPU.Build.0 = Release|Any CPU
		{CA1882D2-4A80-4B8F-8A02-1523C171B86C}.Debug|Any CPU.ActiveCfg = Debug|Any CPU
		{CA1882D2-4A80-4B8F-8A02-1523C171B86C}.Debug|Any CPU.Build.0 = Debug|Any CPU
	EndGlobalSection
EndGlobal
